
Microsoft Visual Studio Solution File, Format Version 12.00
# Visual Studio 14
VisualStudioVersion = 14.0.25420.1
MinimumVisualStudioVersion = 10.0.40219.1
Project("{2150E333-8FDC-42A3-9474-1A3956D46DE8}") = "Configuration", "Configuration", "{1E562BD8-E5A5-4301-B5A2-CE06D9054EED}"
EndProject
Project("{2150E333-8FDC-42A3-9474-1A3956D46DE8}") = "Module", "Module", "{EE8E035F-3A88-4D23-A0E3-23BD719829FA}"
EndProject
Project("{2150E333-8FDC-42A3-9474-1A3956D46DE8}") = "Ui", "Ui", "{E2D3FC1E-AF03-404B-B244-C6AC735877FD}"
EndProject
Project("{2150E333-8FDC-42A3-9474-1A3956D46DE8}") = "Test", "Test", "{519CAFDB-430E-43C2-95A5-60E51C071195}"
EndProject
Project("{FAE04EC0-301F-11D3-BF4B-00C04F79EFBC}") = "PlanetRover.Ui.ConsoleApplication", "PlanetRover.Ui.ConsoleApplication\PlanetRover.Ui.ConsoleApplication.csproj", "{8F3F7E02-92C0-4862-B079-266C80AC30BF}"
EndProject
Project("{FAE04EC0-301F-11D3-BF4B-00C04F79EFBC}") = "PlanetRover.Configuration.IoC", "PlanetRover.Configuration.IoC\PlanetRover.Configuration.IoC.csproj", "{5E413B08-B034-4C10-A2C7-CE0660ED1F3C}"
	ProjectSection(ProjectDependencies) = postProject
		{19F7AD0A-CFB5-4B3C-BF9C-EBCCBAAD2DFE} = {19F7AD0A-CFB5-4B3C-BF9C-EBCCBAAD2DFE}
	EndProjectSection
EndProject
Project("{FAE04EC0-301F-11D3-BF4B-00C04F79EFBC}") = "PlanetRover.Module.PlanetModule", "PlanetRover.Module.PlanetModule\PlanetRover.Module.PlanetModule.csproj", "{7474F3DE-C6AB-4DDF-B093-9336A14CBA8E}"
EndProject
Project("{FAE04EC0-301F-11D3-BF4B-00C04F79EFBC}") = "PlanetRover.Module.RoverModule", "PlanetRover.Module.RoverModule\PlanetRover.Module.RoverModule.csproj", "{FAB0765B-95FD-4A17-9500-FDD70D35F8BC}"
EndProject
Project("{FAE04EC0-301F-11D3-BF4B-00C04F79EFBC}") = "PlanetRover.Module.Common", "PlanetRover.Module.Common\PlanetRover.Module.Common.csproj", "{A0B19982-3163-4EF3-B8A0-7D9B8FB5A133}"
EndProject
Project("{FAE04EC0-301F-11D3-BF4B-00C04F79EFBC}") = "PlanetRover.Test.PlanetModuleTest", "PlanetRover.Test.PlanetModuleTest\PlanetRover.Test.PlanetModuleTest.csproj", "{6DCA849B-F9DD-46A0-B916-1ADE6F264EF8}"
EndProject
Project("{FAE04EC0-301F-11D3-BF4B-00C04F79EFBC}") = "PlanetRover.Test.CommonTest", "PlanetRover.Test.CommonTest\PlanetRover.Test.CommonTest.csproj", "{ED4A6C3F-8F92-42C3-9115-7D1F0F8BA4F5}"
EndProject
Project("{FAE04EC0-301F-11D3-BF4B-00C04F79EFBC}") = "PlanetRover.Test.RoverModuleTest", "PlanetRover.Test.RoverModuleTest\PlanetRover.Test.RoverModuleTest.csproj", "{AEC45EB9-67F3-4D0E-845E-D3F65ED7DF43}"
EndProject
Project("{FAE04EC0-301F-11D3-BF4B-00C04F79EFBC}") = "PlanetRover.Module.CommandModule", "PlanetRover.Module.CommandModule\PlanetRover.Module.CommandModule.csproj", "{04006AF0-2662-44E2-9141-EBCFB7C0422A}"
EndProject
Project("{FAE04EC0-301F-11D3-BF4B-00C04F79EFBC}") = "PlanetRover.Configuration.Context", "PlanetRover.Configuration.Context\PlanetRover.Configuration.Context.csproj", "{19F7AD0A-CFB5-4B3C-BF9C-EBCCBAAD2DFE}"
EndProject
Global
	GlobalSection(SolutionConfigurationPlatforms) = preSolution
		Debug|Any CPU = Debug|Any CPU
		Release|Any CPU = Release|Any CPU
	EndGlobalSection
	GlobalSection(ProjectConfigurationPlatforms) = postSolution
		{8F3F7E02-92C0-4862-B079-266C80AC30BF}.Debug|Any CPU.ActiveCfg = Debug|Any CPU
		{8F3F7E02-92C0-4862-B079-266C80AC30BF}.Debug|Any CPU.Build.0 = Debug|Any CPU
		{8F3F7E02-92C0-4862-B079-266C80AC30BF}.Release|Any CPU.ActiveCfg = Release|Any CPU
		{8F3F7E02-92C0-4862-B079-266C80AC30BF}.Release|Any CPU.Build.0 = Release|Any CPU
		{5E413B08-B034-4C10-A2C7-CE0660ED1F3C}.Debug|Any CPU.ActiveCfg = Debug|Any CPU
		{5E413B08-B034-4C10-A2C7-CE0660ED1F3C}.Debug|Any CPU.Build.0 = Debug|Any CPU
		{5E413B08-B034-4C10-A2C7-CE0660ED1F3C}.Release|Any CPU.ActiveCfg = Release|Any CPU
		{5E413B08-B034-4C10-A2C7-CE0660ED1F3C}.Release|Any CPU.Build.0 = Release|Any CPU
		{7474F3DE-C6AB-4DDF-B093-9336A14CBA8E}.Debug|Any CPU.ActiveCfg = Debug|Any CPU
		{7474F3DE-C6AB-4DDF-B093-9336A14CBA8E}.Debug|Any CPU.Build.0 = Debug|Any CPU
		{7474F3DE-C6AB-4DDF-B093-9336A14CBA8E}.Release|Any CPU.ActiveCfg = Release|Any CPU
		{7474F3DE-C6AB-4DDF-B093-9336A14CBA8E}.Release|Any CPU.Build.0 = Release|Any CPU
		{FAB0765B-95FD-4A17-9500-FDD70D35F8BC}.Debug|Any CPU.ActiveCfg = Debug|Any CPU
		{FAB0765B-95FD-4A17-9500-FDD70D35F8BC}.Debug|Any CPU.Build.0 = Debug|Any CPU
		{FAB0765B-95FD-4A17-9500-FDD70D35F8BC}.Release|Any CPU.ActiveCfg = Release|Any CPU
		{FAB0765B-95FD-4A17-9500-FDD70D35F8BC}.Release|Any CPU.Build.0 = Release|Any CPU
		{A0B19982-3163-4EF3-B8A0-7D9B8FB5A133}.Debug|Any CPU.ActiveCfg = Debug|Any CPU
		{A0B19982-3163-4EF3-B8A0-7D9B8FB5A133}.Debug|Any CPU.Build.0 = Debug|Any CPU
		{A0B19982-3163-4EF3-B8A0-7D9B8FB5A133}.Release|Any CPU.ActiveCfg = Release|Any CPU
		{A0B19982-3163-4EF3-B8A0-7D9B8FB5A133}.Release|Any CPU.Build.0 = Release|Any CPU
		{6DCA849B-F9DD-46A0-B916-1ADE6F264EF8}.Debug|Any CPU.ActiveCfg = Debug|Any CPU
		{6DCA849B-F9DD-46A0-B916-1ADE6F264EF8}.Debug|Any CPU.Build.0 = Debug|Any CPU
		{6DCA849B-F9DD-46A0-B916-1ADE6F264EF8}.Release|Any CPU.ActiveCfg = Release|Any CPU
		{6DCA849B-F9DD-46A0-B916-1ADE6F264EF8}.Release|Any CPU.Build.0 = Release|Any CPU
		{ED4A6C3F-8F92-42C3-9115-7D1F0F8BA4F5}.Debug|Any CPU.ActiveCfg = Debug|Any CPU
		{ED4A6C3F-8F92-42C3-9115-7D1F0F8BA4F5}.Debug|Any CPU.Build.0 = Debug|Any CPU
		{ED4A6C3F-8F92-42C3-9115-7D1F0F8BA4F5}.Release|Any CPU.ActiveCfg = Release|Any CPU
		{ED4A6C3F-8F92-42C3-9115-7D1F0F8BA4F5}.Release|Any CPU.Build.0 = Release|Any CPU
		{AEC45EB9-67F3-4D0E-845E-D3F65ED7DF43}.Debug|Any CPU.ActiveCfg = Debug|Any CPU
		{AEC45EB9-67F3-4D0E-845E-D3F65ED7DF43}.Debug|Any CPU.Build.0 = Debug|Any CPU
		{AEC45EB9-67F3-4D0E-845E-D3F65ED7DF43}.Release|Any CPU.ActiveCfg = Release|Any CPU
		{AEC45EB9-67F3-4D0E-845E-D3F65ED7DF43}.Release|Any CPU.Build.0 = Release|Any CPU
		{04006AF0-2662-44E2-9141-EBCFB7C0422A}.Debug|Any CPU.ActiveCfg = Debug|Any CPU
		{04006AF0-2662-44E2-9141-EBCFB7C0422A}.Debug|Any CPU.Build.0 = Debug|Any CPU
		{04006AF0-2662-44E2-9141-EBCFB7C0422A}.Release|Any CPU.ActiveCfg = Release|Any CPU
		{04006AF0-2662-44E2-9141-EBCFB7C0422A}.Release|Any CPU.Build.0 = Release|Any CPU
		{19F7AD0A-CFB5-4B3C-BF9C-EBCCBAAD2DFE}.Debug|Any CPU.ActiveCfg = Debug|Any CPU
		{19F7AD0A-CFB5-4B3C-BF9C-EBCCBAAD2DFE}.Debug|Any CPU.Build.0 = Debug|Any CPU
		{19F7AD0A-CFB5-4B3C-BF9C-EBCCBAAD2DFE}.Release|Any CPU.ActiveCfg = Release|Any CPU
		{19F7AD0A-CFB5-4B3C-BF9C-EBCCBAAD2DFE}.Release|Any CPU.Build.0 = Release|Any CPU
	EndGlobalSection
	GlobalSection(SolutionProperties) = preSolution
		HideSolutionNode = FALSE
	EndGlobalSection
	GlobalSection(NestedProjects) = preSolution
		{8F3F7E02-92C0-4862-B079-266C80AC30BF} = {E2D3FC1E-AF03-404B-B244-C6AC735877FD}
		{5E413B08-B034-4C10-A2C7-CE0660ED1F3C} = {1E562BD8-E5A5-4301-B5A2-CE06D9054EED}
		{7474F3DE-C6AB-4DDF-B093-9336A14CBA8E} = {EE8E035F-3A88-4D23-A0E3-23BD719829FA}
		{FAB0765B-95FD-4A17-9500-FDD70D35F8BC} = {EE8E035F-3A88-4D23-A0E3-23BD719829FA}
		{A0B19982-3163-4EF3-B8A0-7D9B8FB5A133} = {EE8E035F-3A88-4D23-A0E3-23BD719829FA}
		{6DCA849B-F9DD-46A0-B916-1ADE6F264EF8} = {519CAFDB-430E-43C2-95A5-60E51C071195}
		{ED4A6C3F-8F92-42C3-9115-7D1F0F8BA4F5} = {519CAFDB-430E-43C2-95A5-60E51C071195}
		{AEC45EB9-67F3-4D0E-845E-D3F65ED7DF43} = {519CAFDB-430E-43C2-95A5-60E51C071195}
		{04006AF0-2662-44E2-9141-EBCFB7C0422A} = {EE8E035F-3A88-4D23-A0E3-23BD719829FA}
		{19F7AD0A-CFB5-4B3C-BF9C-EBCCBAAD2DFE} = {1E562BD8-E5A5-4301-B5A2-CE06D9054EED}
	EndGlobalSection
EndGlobal
